{
  "requires": true,
  "lockfileVersion": 1,
  "dependencies": {
    "callsite": {
      "version": "1.0.0",
      "resolved": "https://registry.npmjs.org/callsite/-/callsite-1.0.0.tgz",
      "integrity": "sha1-KAOY5dZkvXQDi28JBRU+borxvCA="
    },
    "config.js": {
      "version": "0.1.0",
      "resolved": "https://registry.npmjs.org/config.js/-/config.js-0.1.0.tgz",
      "integrity": "sha1-uMEIC6JvMJg1pHluILNiS+dgvA0=",
      "requires": {
        "callsite": "^1.0.0"
      }
    }
  }
}
